
Microsoft Visual Studio Solution File, Format Version 12.00
# Visual Studio 14
VisualStudioVersion = 14.0.25420.1
MinimumVisualStudioVersion = 10.0.40219.1
Project("{FAE04EC0-301F-11D3-BF4B-00C04F79EFBC}") = "P2P-chat-systems", "P2P-chat-systems\P2P-chat-systems.csproj", "{6982A80D-2CE0-456A-A82C-DD5DC15FED85}"
EndProject
Global
	GlobalSection(SolutionConfigurationPlatforms) = preSolution
		Debug|Any CPU = Debug|Any CPU
		Release|Any CPU = Release|Any CPU
	EndGlobalSection
	GlobalSection(ProjectConfigurationPlatforms) = postSolution
		{6982A80D-2CE0-456A-A82C-DD5DC15FED85}.Debug|Any CPU.ActiveCfg = Debug|Any CPU
		{6982A80D-2CE0-456A-A82C-DD5DC15FED85}.Debug|Any CPU.Build.0 = Debug|Any CPU
		{6982A80D-2CE0-456A-A82C-DD5DC15FED85}.Release|Any CPU.ActiveCfg = Release|Any CPU
		{6982A80D-2CE0-456A-A82C-DD5DC15FED85}.Release|Any CPU.Build.0 = Release|Any CPU
	EndGlobalSection
	GlobalSection(SolutionProperties) = preSolution
		HideSolutionNode = FALSE
	EndGlobalSection
EndGlobal
